// !$*UTF8*$!
{
	archiveVersion = 1;
	classes = {
	};
	objectVersion = 55;
	objects = {

/* Begin PBXBuildFile section */
		114AF14D2809946D00121626 /* Foundation.framework in Frameworks */ = {isa = PBXBuildFile; fileRef = 114AF14C2809946D00121626 /* Foundation.framework */; };
		114AF1512809947800121626 /* Metal.framework in Frameworks */ = {isa = PBXBuildFile; fileRef = 114AF1502809947800121626 /* Metal.framework */; };
		114AF153280994BF00121626 /* QuartzCore.framework in Frameworks */ = {isa = PBXBuildFile; fileRef = 114AF152280994BF00121626 /* QuartzCore.framework */; platformFilter = maccatalyst; };
		114AF15D2809AAF000121626 /* main.cpp in Sources */ = {isa = PBXBuildFile; fileRef = 114AF142280993CA00121626 /* main.cpp */; };
		114AF1602809D57800121626 /* pybind.cpp in Sources */ = {isa = PBXBuildFile; fileRef = 114AF15F2809D57800121626 /* pybind.cpp */; };
/* End PBXBuildFile section */

/* Begin PBXCopyFilesBuildPhase section */
		114AF13D280993CA00121626 /* CopyFiles */ = {
			isa = PBXCopyFilesBuildPhase;
			buildActionMask = 2147483647;
			dstPath = /usr/share/man/man1/;
			dstSubfolderSpec = 0;
			files = (
			);
			runOnlyForDeploymentPostprocessing = 1;
		};
/* End PBXCopyFilesBuildPhase section */

/* Begin PBXFileReference section */
		114AF13F280993CA00121626 /* gpu_inferno */ = {isa = PBXFileReference; explicitFileType = "compiled.mach-o.executable"; includeInIndex = 0; path = gpu_inferno; sourceTree = BUILT_PRODUCTS_DIR; };
		114AF142280993CA00121626 /* main.cpp */ = {isa = PBXFileReference; lastKnownFileType = sourcecode.cpp.cpp; path = main.cpp; sourceTree = "<group>"; };
		114AF14C2809946D00121626 /* Foundation.framework */ = {isa = PBXFileReference; lastKnownFileType = wrapper.framework; name = Foundation.framework; path = System/Library/Frameworks/Foundation.framework; sourceTree = SDKROOT; };
		114AF1502809947800121626 /* Metal.framework */ = {isa = PBXFileReference; lastKnownFileType = wrapper.framework; name = Metal.framework; path = System/Library/Frameworks/Metal.framework; sourceTree = SDKROOT; };
		114AF152280994BF00121626 /* QuartzCore.framework */ = {isa = PBXFileReference; lastKnownFileType = wrapper.framework; name = QuartzCore.framework; path = System/Library/Frameworks/QuartzCore.framework; sourceTree = SDKROOT; };
		114AF1542809960100121626 /* metal-cpp */ = {isa = PBXFileReference; fileEncoding = 4; lastKnownFileType = text; path = "metal-cpp"; sourceTree = SOURCE_ROOT; };
		114AF1552809967700121626 /* README.md */ = {isa = PBXFileReference; fileEncoding = 4; lastKnownFileType = net.daringfireball.markdown; path = README.md; sourceTree = "<group>"; };
		114AF1562809985000121626 /* CoreGraphics.framework */ = {isa = PBXFileReference; lastKnownFileType = wrapper.framework; name = CoreGraphics.framework; path = System/Library/Frameworks/CoreGraphics.framework; sourceTree = SDKROOT; };
		114AF15C2809A3F100121626 /* loadLibrary.hpp */ = {isa = PBXFileReference; lastKnownFileType = sourcecode.cpp.h; path = loadLibrary.hpp; sourceTree = "<group>"; };
		114AF15E2809D57700121626 /* inferno.hpp */ = {isa = PBXFileReference; fileEncoding = 4; lastKnownFileType = sourcecode.cpp.h; path = inferno.hpp; sourceTree = "<group>"; };
		114AF15F2809D57800121626 /* pybind.cpp */ = {isa = PBXFileReference; fileEncoding = 4; lastKnownFileType = sourcecode.cpp.cpp; path = pybind.cpp; sourceTree = "<group>"; };
/* End PBXFileReference section */

/* Begin PBXFrameworksBuildPhase section */
		114AF13C280993CA00121626 /* Frameworks */ = {
			isa = PBXFrameworksBuildPhase;
			buildActionMask = 2147483647;
			files = (
				114AF1512809947800121626 /* Metal.framework in Frameworks */,
				114AF14D2809946D00121626 /* Foundation.framework in Frameworks */,
				114AF153280994BF00121626 /* QuartzCore.framework in Frameworks */,
			);
			runOnlyForDeploymentPostprocessing = 0;
		};
/* End PBXFrameworksBuildPhase section */

/* Begin PBXGroup section */
		114AF136280993CA00121626 = {
			isa = PBXGroup;
			children = (
				114AF1542809960100121626 /* metal-cpp */,
				114AF1552809967700121626 /* README.md */,
				114AF141280993CA00121626 /* gpu_inferno */,
				114AF140280993CA00121626 /* Products */,
				114AF14B2809946C00121626 /* Frameworks */,
			);
			sourceTree = "<group>";
		};
		114AF140280993CA00121626 /* Products */ = {
			isa = PBXGroup;
			children = (
				114AF13F280993CA00121626 /* gpu_inferno */,
			);
			name = Products;
			sourceTree = "<group>";
		};
		114AF141280993CA00121626 /* gpu_inferno */ = {
			isa = PBXGroup;
			children = (
				114AF15E2809D57700121626 /* inferno.hpp */,
				114AF15F2809D57800121626 /* pybind.cpp */,
				114AF15C2809A3F100121626 /* loadLibrary.hpp */,
				114AF142280993CA00121626 /* main.cpp */,
			);
			path = gpu_inferno;
			sourceTree = "<group>";
		};
		114AF14B2809946C00121626 /* Frameworks */ = {
			isa = PBXGroup;
			children = (
				114AF1562809985000121626 /* CoreGraphics.framework */,
				114AF152280994BF00121626 /* QuartzCore.framework */,
				114AF1502809947800121626 /* Metal.framework */,
				114AF14C2809946D00121626 /* Foundation.framework */,
			);
			name = Frameworks;
			sourceTree = "<group>";
		};
/* End PBXGroup section */

/* Begin PBXNativeTarget section */
		114AF13E280993CA00121626 /* gpu_inferno */ = {
			isa = PBXNativeTarget;
			buildConfigurationList = 114AF146280993CA00121626 /* Build configuration list for PBXNativeTarget "gpu_inferno" */;
			buildPhases = (
				114AF13B280993CA00121626 /* Sources */,
				114AF13C280993CA00121626 /* Frameworks */,
				114AF13D280993CA00121626 /* CopyFiles */,
			);
			buildRules = (
			);
			dependencies = (
			);
			name = gpu_inferno;
			productName = gpu_inferno;
			productReference = 114AF13F280993CA00121626 /* gpu_inferno */;
			productType = "com.apple.product-type.tool";
		};
/* End PBXNativeTarget section */

/* Begin PBXProject section */
		114AF137280993CA00121626 /* Project object */ = {
			isa = PBXProject;
			attributes = {
				BuildIndependentTargetsInParallel = 1;
				LastUpgradeCheck = 1320;
				TargetAttributes = {
					114AF13E280993CA00121626 = {
						CreatedOnToolsVersion = 13.2.1;
					};
				};
			};
			buildConfigurationList = 114AF13A280993CA00121626 /* Build configuration list for PBXProject "gpu_inferno" */;
			compatibilityVersion = "Xcode 13.0";
			developmentRegion = en;
			hasScannedForEncodings = 0;
			knownRegions = (
				en,
				Base,
			);
			mainGroup = 114AF136280993CA00121626;
			productRefGroup = 114AF140280993CA00121626 /* Products */;
			projectDirPath = "";
			projectRoot = "";
			targets = (
				114AF13E280993CA00121626 /* gpu_inferno */,
			);
		};
/* End PBXProject section */

/* Begin PBXSourcesBuildPhase section */
		114AF13B280993CA00121626 /* Sources */ = {
			isa = PBXSourcesBuildPhase;
			buildActionMask = 2147483647;
			files = (
				114AF15D2809AAF000121626 /* main.cpp in Sources */,
				114AF1602809D57800121626 /* pybind.cpp in Sources */,
			);
			runOnlyForDeploymentPostprocessing = 0;
		};
/* End PBXSourcesBuildPhase section */

/* Begin XCBuildConfiguration section */
		114AF144280993CA00121626 /* Debug */ = {
			isa = XCBuildConfiguration;
			buildSettings = {
				ALWAYS_SEARCH_USER_PATHS = NO;
				CLANG_ANALYZER_NONNULL = YES;
				CLANG_ANALYZER_NUMBER_OBJECT_CONVERSION = YES_AGGRESSIVE;
				CLANG_CXX_LANGUAGE_STANDARD = "gnu++17";
				CLANG_CXX_LIBRARY = "libc++";
				CLANG_ENABLE_MODULES = YES;
				CLANG_ENABLE_OBJC_ARC = YES;
				CLANG_ENABLE_OBJC_WEAK = YES;
				CLANG_WARN_BLOCK_CAPTURE_AUTORELEASING = YES;
				CLANG_WARN_BOOL_CONVERSION = YES;
				CLANG_WARN_COMMA = YES;
				CLANG_WARN_CONSTANT_CONVERSION = YES;
				CLANG_WARN_DEPRECATED_OBJC_IMPLEMENTATIONS = YES;
				CLANG_WARN_DIRECT_OBJC_ISA_USAGE = YES_ERROR;
				CLANG_WARN_DOCUMENTATION_COMMENTS = YES;
				CLANG_WARN_EMPTY_BODY = YES;
				CLANG_WARN_ENUM_CONVERSION = YES;
				CLANG_WARN_INFINITE_RECURSION = YES;
				CLANG_WARN_INT_CONVERSION = YES;
				CLANG_WARN_NON_LITERAL_NULL_CONVERSION = YES;
				CLANG_WARN_OBJC_IMPLICIT_RETAIN_SELF = YES;
				CLANG_WARN_OBJC_LITERAL_CONVERSION = YES;
				CLANG_WARN_OBJC_ROOT_CLASS = YES_ERROR;
				CLANG_WARN_QUOTED_INCLUDE_IN_FRAMEWORK_HEADER = YES;
				CLANG_WARN_RANGE_LOOP_ANALYSIS = YES;
				CLANG_WARN_STRICT_PROTOTYPES = YES;
				CLANG_WARN_SUSPICIOUS_MOVE = YES;
				CLANG_WARN_UNGUARDED_AVAILABILITY = YES_AGGRESSIVE;
				CLANG_WARN_UNREACHABLE_CODE = YES;
				CLANG_WARN__DUPLICATE_METHOD_MATCH = YES;
				COPY_PHASE_STRIP = NO;
				DEBUG_INFORMATION_FORMAT = dwarf;
				ENABLE_STRICT_OBJC_MSGSEND = YES;
				ENABLE_TESTABILITY = YES;
				GCC_C_LANGUAGE_STANDARD = gnu11;
				GCC_DYNAMIC_NO_PIC = NO;
				GCC_NO_COMMON_BLOCKS = YES;
				GCC_OPTIMIZATION_LEVEL = 0;
				GCC_PREPROCESSOR_DEFINITIONS = (
					"DEBUG=1",
					"$(inherited)",
				);
				GCC_WARN_64_TO_32_BIT_CONVERSION = YES;
				GCC_WARN_ABOUT_RETURN_TYPE = YES_ERROR;
				GCC_WARN_UNDECLARED_SELECTOR = YES;
				GCC_WARN_UNINITIALIZED_AUTOS = YES_AGGRESSIVE;
				GCC_WARN_UNUSED_FUNCTION = YES;
				GCC_WARN_UNUSED_VARIABLE = YES;
				MACOSX_DEPLOYMENT_TARGET = 12.1;
				MTL_ENABLE_DEBUG_INFO = INCLUDE_SOURCE;
				MTL_FAST_MATH = YES;
				ONLY_ACTIVE_ARCH = YES;
				SDKROOT = macosx;
			};
			name = Debug;
		};
		114AF145280993CA00121626 /* Release */ = {
			isa = XCBuildConfiguration;
			buildSettings = {
				ALWAYS_SEARCH_USER_PATHS = NO;
				CLANG_ANALYZER_NONNULL = YES;
				CLANG_ANALYZER_NUMBER_OBJECT_CONVERSION = YES_AGGRESSIVE;
				CLANG_CXX_LANGUAGE_STANDARD = "gnu++17";
				CLANG_CXX_LIBRARY = "libc++";
				CLANG_ENABLE_MODULES = YES;
				CLANG_ENABLE_OBJC_ARC = YES;
				CLANG_ENABLE_OBJC_WEAK = YES;
				CLANG_WARN_BLOCK_CAPTURE_AUTORELEASING = YES;
				CLANG_WARN_BOOL_CONVERSION = YES;
				CLANG_WARN_COMMA = YES;
				CLANG_WARN_CONSTANT_CONVERSION = YES;
				CLANG_WARN_DEPRECATED_OBJC_IMPLEMENTATIONS = YES;
				CLANG_WARN_DIRECT_OBJC_ISA_USAGE = YES_ERROR;
				CLANG_WARN_DOCUMENTATION_COMMENTS = YES;
				CLANG_WARN_EMPTY_BODY = YES;
				CLANG_WARN_ENUM_CONVERSION = YES;
				CLANG_WARN_INFINITE_RECURSION = YES;
				CLANG_WARN_INT_CONVERSION = YES;
				CLANG_WARN_NON_LITERAL_NULL_CONVERSION = YES;
				CLANG_WARN_OBJC_IMPLICIT_RETAIN_SELF = YES;
				CLANG_WARN_OBJC_LITERAL_CONVERSION = YES;
				CLANG_WARN_OBJC_ROOT_CLASS = YES_ERROR;
				CLANG_WARN_QUOTED_INCLUDE_IN_FRAMEWORK_HEADER = YES;
				CLANG_WARN_RANGE_LOOP_ANALYSIS = YES;
				CLANG_WARN_STRICT_PROTOTYPES = YES;
				CLANG_WARN_SUSPICIOUS_MOVE = YES;
				CLANG_WARN_UNGUARDED_AVAILABILITY = YES_AGGRESSIVE;
				CLANG_WARN_UNREACHABLE_CODE = YES;
				CLANG_WARN__DUPLICATE_METHOD_MATCH = YES;
				COPY_PHASE_STRIP = NO;
				DEBUG_INFORMATION_FORMAT = "dwarf-with-dsym";
				ENABLE_NS_ASSERTIONS = NO;
				ENABLE_STRICT_OBJC_MSGSEND = YES;
				GCC_C_LANGUAGE_STANDARD = gnu11;
				GCC_NO_COMMON_BLOCKS = YES;
				GCC_WARN_64_TO_32_BIT_CONVERSION = YES;
				GCC_WARN_ABOUT_RETURN_TYPE = YES_ERROR;
				GCC_WARN_UNDECLARED_SELECTOR = YES;
				GCC_WARN_UNINITIALIZED_AUTOS = YES_AGGRESSIVE;
				GCC_WARN_UNUSED_FUNCTION = YES;
				GCC_WARN_UNUSED_VARIABLE = YES;
				MACOSX_DEPLOYMENT_TARGET = 12.1;
				MTL_ENABLE_DEBUG_INFO = NO;
				MTL_FAST_MATH = YES;
				SDKROOT = macosx;
			};
			name = Release;
		};
		114AF147280993CA00121626 /* Debug */ = {
			isa = XCBuildConfiguration;
			buildSettings = {
				CODE_SIGN_STYLE = Automatic;
				HEADER_SEARCH_PATHS = (
					"${PROJECT_DIR}/metal-cpp",
					"/Users/alexander/.pyenv-arm64/versions/miniconda3-latest/envs/python-inferno/include/python3.10",
					"${PROJECT_DIR}/pybind11/include",
				);
				PRODUCT_NAME = "$(TARGET_NAME)";
			};
			name = Debug;
		};
		114AF148280993CA00121626 /* Release */ = {
			isa = XCBuildConfiguration;
			buildSettings = {
				CODE_SIGN_STYLE = Automatic;
				HEADER_SEARCH_PATHS = (
					"${PROJECT_DIR}/metal-cpp",
					"/Users/alexander/.pyenv-arm64/versions/miniconda3-latest/envs/python-inferno/include/python3.10",
					"${PROJECT_DIR}/pybind11/include",
				);
				PRODUCT_NAME = "$(TARGET_NAME)";
			};
			name = Release;
		};
/* End XCBuildConfiguration section */

/* Begin XCConfigurationList section */
		114AF13A280993CA00121626 /* Build configuration list for PBXProject "gpu_inferno" */ = {
			isa = XCConfigurationList;
			buildConfigurations = (
				114AF144280993CA00121626 /* Debug */,
				114AF145280993CA00121626 /* Release */,
			);
			defaultConfigurationIsVisible = 0;
			defaultConfigurationName = Release;
		};
		114AF146280993CA00121626 /* Build configuration list for PBXNativeTarget "gpu_inferno" */ = {
			isa = XCConfigurationList;
			buildConfigurations = (
				114AF147280993CA00121626 /* Debug */,
				114AF148280993CA00121626 /* Release */,
			);
			defaultConfigurationIsVisible = 0;
			defaultConfigurationName = Release;
		};
/* End XCConfigurationList section */
	};
	rootObject = 114AF137280993CA00121626 /* Project object */;
}
